
Microsoft Visual Studio Solution File, Format Version 12.00
# Visual Studio Version 16
VisualStudioVersion = 16.0.33027.164
MinimumVisualStudioVersion = 10.0.40219.1
Project("{FAE04EC0-301F-11D3-BF4B-00C04F79EFBC}") = "AlgoritmosOrdenado", "AlgoritmosOrdenado\AlgoritmosOrdenado.csproj", "{EF8A4628-B9BE-4B50-90EA-C0D59C6E2D52}"
EndProject
Project("{FAE04EC0-301F-11D3-BF4B-00C04F79EFBC}") = "SortingTest", "SortingTest\SortingTest.csproj", "{670A7A49-AD0F-4513-BD25-C0319AD45273}"
EndProject
Global
	GlobalSection(SolutionConfigurationPlatforms) = preSolution
		Debug|Any CPU = Debug|Any CPU
		Release|Any CPU = Release|Any CPU
	EndGlobalSection
	GlobalSection(ProjectConfigurationPlatforms) = postSolution
		{EF8A4628-B9BE-4B50-90EA-C0D59C6E2D52}.Debug|Any CPU.ActiveCfg = Debug|Any CPU
		{EF8A4628-B9BE-4B50-90EA-C0D59C6E2D52}.Debug|Any CPU.Build.0 = Debug|Any CPU
		{EF8A4628-B9BE-4B50-90EA-C0D59C6E2D52}.Release|Any CPU.ActiveCfg = Release|Any CPU
		{EF8A4628-B9BE-4B50-90EA-C0D59C6E2D52}.Release|Any CPU.Build.0 = Release|Any CPU
		{670A7A49-AD0F-4513-BD25-C0319AD45273}.Debug|Any CPU.ActiveCfg = Debug|Any CPU
		{670A7A49-AD0F-4513-BD25-C0319AD45273}.Debug|Any CPU.Build.0 = Debug|Any CPU
		{670A7A49-AD0F-4513-BD25-C0319AD45273}.Release|Any CPU.ActiveCfg = Release|Any CPU
		{670A7A49-AD0F-4513-BD25-C0319AD45273}.Release|Any CPU.Build.0 = Release|Any CPU
	EndGlobalSection
	GlobalSection(SolutionProperties) = preSolution
		HideSolutionNode = FALSE
	EndGlobalSection
	GlobalSection(ExtensibilityGlobals) = postSolution
		SolutionGuid = {0E69CC7F-46DE-49FC-9619-A56255DECD4B}
	EndGlobalSection
EndGlobal
